
Microsoft Visual Studio Solution File, Format Version 12.00
# Visual Studio 15
VisualStudioVersion = 15.0.27428.1
MinimumVisualStudioVersion = 10.0.40219.1
Project("{FAE04EC0-301F-11D3-BF4B-00C04F79EFBC}") = "BotWatcher", "BotWatcher\BotWatcher.csproj", "{2EAB93FC-37A0-4F31-95FF-026B7478AF81}"
EndProject
Global
	GlobalSection(SolutionConfigurationPlatforms) = preSolution
		Debug|Any CPU = Debug|Any CPU
		Release|Any CPU = Release|Any CPU
	EndGlobalSection
	GlobalSection(ProjectConfigurationPlatforms) = postSolution
		{2EAB93FC-37A0-4F31-95FF-026B7478AF81}.Debug|Any CPU.ActiveCfg = Debug|Any CPU
		{2EAB93FC-37A0-4F31-95FF-026B7478AF81}.Debug|Any CPU.Build.0 = Debug|Any CPU
		{2EAB93FC-37A0-4F31-95FF-026B7478AF81}.Release|Any CPU.ActiveCfg = Release|Any CPU
		{2EAB93FC-37A0-4F31-95FF-026B7478AF81}.Release|Any CPU.Build.0 = Release|Any CPU
	EndGlobalSection
	GlobalSection(SolutionProperties) = preSolution
		HideSolutionNode = FALSE
	EndGlobalSection
	GlobalSection(ExtensibilityGlobals) = postSolution
		SolutionGuid = {D52BA449-BB73-4544-967B-0F915CD4D945}
	EndGlobalSection
EndGlobal
